
Microsoft Visual Studio Solution File, Format Version 12.00
# Visual Studio Version 17
VisualStudioVersion = 17.0.31903.59
MinimumVisualStudioVersion = 10.0.40219.1
Project("{2150E333-8FDC-42A3-9474-1A3956D46DE8}") = "src", "src", "{85488BB6-EF06-440B-BF57-29BD1E6333BE}"
EndProject
Project("{2150E333-8FDC-42A3-9474-1A3956D46DE8}") = "Task1", "Task1", "{3A079101-D681-4796-B202-5A4161544C82}"
EndProject
Project("{2150E333-8FDC-42A3-9474-1A3956D46DE8}") = "Task2", "Task2", "{635C1B71-8BD5-410F-AFBA-4F8B4FB5CBC1}"
EndProject
Project("{2150E333-8FDC-42A3-9474-1A3956D46DE8}") = "Task3", "Task3", "{E81BD7FF-E751-4863-892A-DDC3B6AA4FAB}"
EndProject
Project("{9A19103F-16F7-4668-BE54-9A1E7A4F7556}") = "Ufynd.Task2.WebApi", "src\Task2\Ufynd.Task2.WebApi\Ufynd.Task2.WebApi.csproj", "{AC128BAD-6ED1-4EB4-A917-C403119AACD2}"
EndProject
Project("{9A19103F-16F7-4668-BE54-9A1E7A4F7556}") = "Ufynd.Task3.WebApi", "src\Task3\Ufynd.Task3.WebApi\Ufynd.Task3.WebApi.csproj", "{40842085-F366-4A90-A331-783AAFCE04BB}"
EndProject
Project("{9A19103F-16F7-4668-BE54-9A1E7A4F7556}") = "Ufynd.Task2.Application", "src\Task2\Ufynd.Task2.Application\Ufynd.Task2.Application.csproj", "{30039A76-DCB8-433D-B6B9-D6E2386B8F20}"
EndProject
Project("{9A19103F-16F7-4668-BE54-9A1E7A4F7556}") = "Ufynd.Task2.Domain", "src\Task2\Ufynd.Task2.Domain\Ufynd.Task2.Domain.csproj", "{028192E9-52CB-4D32-B998-785EF0063CF9}"
EndProject
Project("{9A19103F-16F7-4668-BE54-9A1E7A4F7556}") = "Ufynd.Task2.Infrastructure", "src\Task2\Ufynd.Task2.Infrastructure\Ufynd.Task2.Infrastructure.csproj", "{BA68CECC-122F-4FDD-B825-6888FE8A7300}"
EndProject
Project("{9A19103F-16F7-4668-BE54-9A1E7A4F7556}") = "Ufynd.Task1.WebApi", "src\Task1\Ufynd.Task1.WebApi\Ufynd.Task1.WebApi.csproj", "{2C81C521-8CB6-497D-B390-D92D4F1E8BBC}"
EndProject
Project("{2150E333-8FDC-42A3-9474-1A3956D46DE8}") = "tests", "tests", "{86752457-F9DB-4D96-BD56-F4D8B8B81572}"
EndProject
Project("{2150E333-8FDC-42A3-9474-1A3956D46DE8}") = "Task1", "Task1", "{458C58A1-DE9D-4224-8ADD-8323769B59CB}"
EndProject
Project("{2150E333-8FDC-42A3-9474-1A3956D46DE8}") = "Task2", "Task2", "{1084A55E-4920-4C85-87DD-BB7BD4933B05}"
EndProject
Project("{2150E333-8FDC-42A3-9474-1A3956D46DE8}") = "Task3", "Task3", "{37232282-C589-406A-BF18-E6C9BBC7912B}"
EndProject
Project("{9A19103F-16F7-4668-BE54-9A1E7A4F7556}") = "Ufynd.Task1.WebApi.UnitTests", "tests\Task1\Ufynd.Task1.WebApi.UnitTests\Ufynd.Task1.WebApi.UnitTests.csproj", "{B4B163C6-858D-4F07-8E93-FB270B465445}"
EndProject
Project("{9A19103F-16F7-4668-BE54-9A1E7A4F7556}") = "Ufynd.Task3.WebApi.UnitTests", "tests\Task3\Ufynd.Task3.WebApi.UnitTests\Ufynd.Task3.WebApi.UnitTests.csproj", "{A2C845C5-C0E9-4BF9-9976-63E0DA57ED68}"
EndProject
Project("{9A19103F-16F7-4668-BE54-9A1E7A4F7556}") = "Ufynd.Task2.Application.UnitTests", "tests\Task2\Ufynd.Task2.Application.UnitTests\Ufynd.Task2.Application.UnitTests.csproj", "{3C3FF8F9-D190-4A1F-B5DD-70FE0AA7B4F9}"
EndProject
Project("{2150E333-8FDC-42A3-9474-1A3956D46DE8}") = "doc", "doc", "{553E923D-4E4E-465B-890F-AA202E92EE21}"
	ProjectSection(SolutionItems) = preProject
		doc\RequirementsForTheUse.docx = doc\RequirementsForTheUse.docx
	EndProjectSection
EndProject
Global
	GlobalSection(SolutionConfigurationPlatforms) = preSolution
		Debug|Any CPU = Debug|Any CPU
		Release|Any CPU = Release|Any CPU
	EndGlobalSection
	GlobalSection(ProjectConfigurationPlatforms) = postSolution
		{AC128BAD-6ED1-4EB4-A917-C403119AACD2}.Debug|Any CPU.ActiveCfg = Debug|Any CPU
		{AC128BAD-6ED1-4EB4-A917-C403119AACD2}.Debug|Any CPU.Build.0 = Debug|Any CPU
		{AC128BAD-6ED1-4EB4-A917-C403119AACD2}.Release|Any CPU.ActiveCfg = Release|Any CPU
		{AC128BAD-6ED1-4EB4-A917-C403119AACD2}.Release|Any CPU.Build.0 = Release|Any CPU
		{40842085-F366-4A90-A331-783AAFCE04BB}.Debug|Any CPU.ActiveCfg = Debug|Any CPU
		{40842085-F366-4A90-A331-783AAFCE04BB}.Debug|Any CPU.Build.0 = Debug|Any CPU
		{40842085-F366-4A90-A331-783AAFCE04BB}.Release|Any CPU.ActiveCfg = Release|Any CPU
		{40842085-F366-4A90-A331-783AAFCE04BB}.Release|Any CPU.Build.0 = Release|Any CPU
		{30039A76-DCB8-433D-B6B9-D6E2386B8F20}.Debug|Any CPU.ActiveCfg = Debug|Any CPU
		{30039A76-DCB8-433D-B6B9-D6E2386B8F20}.Debug|Any CPU.Build.0 = Debug|Any CPU
		{30039A76-DCB8-433D-B6B9-D6E2386B8F20}.Release|Any CPU.ActiveCfg = Release|Any CPU
		{30039A76-DCB8-433D-B6B9-D6E2386B8F20}.Release|Any CPU.Build.0 = Release|Any CPU
		{028192E9-52CB-4D32-B998-785EF0063CF9}.Debug|Any CPU.ActiveCfg = Debug|Any CPU
		{028192E9-52CB-4D32-B998-785EF0063CF9}.Debug|Any CPU.Build.0 = Debug|Any CPU
		{028192E9-52CB-4D32-B998-785EF0063CF9}.Release|Any CPU.ActiveCfg = Release|Any CPU
		{028192E9-52CB-4D32-B998-785EF0063CF9}.Release|Any CPU.Build.0 = Release|Any CPU
		{BA68CECC-122F-4FDD-B825-6888FE8A7300}.Debug|Any CPU.ActiveCfg = Debug|Any CPU
		{BA68CECC-122F-4FDD-B825-6888FE8A7300}.Debug|Any CPU.Build.0 = Debug|Any CPU
		{BA68CECC-122F-4FDD-B825-6888FE8A7300}.Release|Any CPU.ActiveCfg = Release|Any CPU
		{BA68CECC-122F-4FDD-B825-6888FE8A7300}.Release|Any CPU.Build.0 = Release|Any CPU
		{2C81C521-8CB6-497D-B390-D92D4F1E8BBC}.Debug|Any CPU.ActiveCfg = Debug|Any CPU
		{2C81C521-8CB6-497D-B390-D92D4F1E8BBC}.Debug|Any CPU.Build.0 = Debug|Any CPU
		{2C81C521-8CB6-497D-B390-D92D4F1E8BBC}.Release|Any CPU.ActiveCfg = Release|Any CPU
		{2C81C521-8CB6-497D-B390-D92D4F1E8BBC}.Release|Any CPU.Build.0 = Release|Any CPU
		{B4B163C6-858D-4F07-8E93-FB270B465445}.Debug|Any CPU.ActiveCfg = Debug|Any CPU
		{B4B163C6-858D-4F07-8E93-FB270B465445}.Debug|Any CPU.Build.0 = Debug|Any CPU
		{B4B163C6-858D-4F07-8E93-FB270B465445}.Release|Any CPU.ActiveCfg = Release|Any CPU
		{B4B163C6-858D-4F07-8E93-FB270B465445}.Release|Any CPU.Build.0 = Release|Any CPU
		{A2C845C5-C0E9-4BF9-9976-63E0DA57ED68}.Debug|Any CPU.ActiveCfg = Debug|Any CPU
		{A2C845C5-C0E9-4BF9-9976-63E0DA57ED68}.Debug|Any CPU.Build.0 = Debug|Any CPU
		{A2C845C5-C0E9-4BF9-9976-63E0DA57ED68}.Release|Any CPU.ActiveCfg = Release|Any CPU
		{A2C845C5-C0E9-4BF9-9976-63E0DA57ED68}.Release|Any CPU.Build.0 = Release|Any CPU
		{3C3FF8F9-D190-4A1F-B5DD-70FE0AA7B4F9}.Debug|Any CPU.ActiveCfg = Debug|Any CPU
		{3C3FF8F9-D190-4A1F-B5DD-70FE0AA7B4F9}.Debug|Any CPU.Build.0 = Debug|Any CPU
		{3C3FF8F9-D190-4A1F-B5DD-70FE0AA7B4F9}.Release|Any CPU.ActiveCfg = Release|Any CPU
		{3C3FF8F9-D190-4A1F-B5DD-70FE0AA7B4F9}.Release|Any CPU.Build.0 = Release|Any CPU
	EndGlobalSection
	GlobalSection(SolutionProperties) = preSolution
		HideSolutionNode = FALSE
	EndGlobalSection
	GlobalSection(NestedProjects) = preSolution
		{3A079101-D681-4796-B202-5A4161544C82} = {85488BB6-EF06-440B-BF57-29BD1E6333BE}
		{635C1B71-8BD5-410F-AFBA-4F8B4FB5CBC1} = {85488BB6-EF06-440B-BF57-29BD1E6333BE}
		{E81BD7FF-E751-4863-892A-DDC3B6AA4FAB} = {85488BB6-EF06-440B-BF57-29BD1E6333BE}
		{AC128BAD-6ED1-4EB4-A917-C403119AACD2} = {635C1B71-8BD5-410F-AFBA-4F8B4FB5CBC1}
		{40842085-F366-4A90-A331-783AAFCE04BB} = {E81BD7FF-E751-4863-892A-DDC3B6AA4FAB}
		{30039A76-DCB8-433D-B6B9-D6E2386B8F20} = {635C1B71-8BD5-410F-AFBA-4F8B4FB5CBC1}
		{028192E9-52CB-4D32-B998-785EF0063CF9} = {635C1B71-8BD5-410F-AFBA-4F8B4FB5CBC1}
		{BA68CECC-122F-4FDD-B825-6888FE8A7300} = {635C1B71-8BD5-410F-AFBA-4F8B4FB5CBC1}
		{2C81C521-8CB6-497D-B390-D92D4F1E8BBC} = {3A079101-D681-4796-B202-5A4161544C82}
		{458C58A1-DE9D-4224-8ADD-8323769B59CB} = {86752457-F9DB-4D96-BD56-F4D8B8B81572}
		{1084A55E-4920-4C85-87DD-BB7BD4933B05} = {86752457-F9DB-4D96-BD56-F4D8B8B81572}
		{37232282-C589-406A-BF18-E6C9BBC7912B} = {86752457-F9DB-4D96-BD56-F4D8B8B81572}
		{B4B163C6-858D-4F07-8E93-FB270B465445} = {458C58A1-DE9D-4224-8ADD-8323769B59CB}
		{A2C845C5-C0E9-4BF9-9976-63E0DA57ED68} = {37232282-C589-406A-BF18-E6C9BBC7912B}
		{3C3FF8F9-D190-4A1F-B5DD-70FE0AA7B4F9} = {1084A55E-4920-4C85-87DD-BB7BD4933B05}
	EndGlobalSection
	GlobalSection(ExtensibilityGlobals) = postSolution
		SolutionGuid = {D6B75A20-CEE5-4865-8D38-5377DFF04909}
	EndGlobalSection
EndGlobal
